version = 1
revision = 3
requires-python = "==3.11.*"

[[package]]
name = "bb8-control-center"
version = "0.1.0"
source = { virtual = "." }
dependencies = [
    { name = "bleak" },
    { name = "gpiozero", marker = "sys_platform == 'linux'" },
    { name = "pygame-ce" },
    { name = "spherov2" },
    { name = "spidev", marker = "sys_platform == 'linux'" },
]

[package.metadata]
requires-dist = [
    { name = "bleak", specifier = ">=0.21,<1.0" },
    { name = "gpiozero", marker = "sys_platform == 'linux'" },
    { name = "pygame-ce", specifier = ">=2.5.6" },
    { name = "spherov2", specifier = "==0.12.1" },
    { name = "spidev", marker = "sys_platform == 'linux'" },
]

[[package]]
name = "bleak"
version = "0.22.3"
source = { registry = "https://pypi.org/simple" }
dependencies = [
    { name = "bleak-winrt", marker = "sys_platform == 'win32'" },
    { name = "dbus-fast", marker = "sys_platform == 'linux'" },
    { name = "pyobjc-core", marker = "sys_platform == 'darwin'" },
    { name = "pyobjc-framework-corebluetooth", marker = "sys_platform == 'darwin'" },
    { name = "pyobjc-framework-libdispatch", marker = "sys_platform == 'darwin'" },
    { name = "typing-extensions" },
]
sdist = { url = "https://files.pythonhosted.org/packages/fb/96/15750b50c0018338e2cce30de939130971ebfdf4f9d6d56c960f5657daad/bleak-0.22.3.tar.gz", hash = "sha256:3149c3c19657e457727aa53d9d6aeb89658495822cd240afd8aeca4dd09c045c", size = 122339, upload-time = "2024-10-05T21:21:00.661Z" }
wheels = [
    { url = "https://files.pythonhosted.org/packages/0a/ce/3adf9e742bb22e4a4b3435f24111cb46a1d12731ba655ee00bb5ab0308cc/bleak-0.22.3-py3-none-any.whl", hash = "sha256:1e62a9f5e0c184826e6c906e341d8aca53793e4596eeaf4e0b191e7aca5c461c", size = 142719, upload-time = "2024-10-05T21:20:58.547Z" },
]

[[package]]
name = "bleak-winrt"
version = "1.2.0"
source = { registry = "https://pypi.org/simple" }
sdist = { url = "https://files.pythonhosted.org/packages/a9/7a/009ee84b7860a8c5345529026df32a5caa5da767a840a6f7bf259f53a2ed/bleak-winrt-1.2.0.tar.gz", hash = "sha256:0577d070251b9354fc6c45ffac57e39341ebb08ead014b1bdbd43e211d2ce1d6", size = 3855591, upload-time = "2022-09-09T23:05:28.342Z" }
wheels = [
    { url = "https://files.pythonhosted.org/packages/59/d8/a9d15da86bfac0426beda775f4ea7a3bfc862e12e7b6735c458ffcb20c3d/bleak_winrt-1.2.0-cp311-cp311-win32.whl", hash = "sha256:9449cdb942f22c9892bc1ada99e2ccce9bea8a8af1493e81fefb6de2cb3a7b80", size = 446383, upload-time = "2022-09-09T23:05:16.923Z" },
    { url = "https://files.pythonhosted.org/packages/e4/ff/80fb7efa320059a096d6cde1fd869785000dde061e569c043273b69f89ba/bleak_winrt-1.2.0-cp311-cp311-win_amd64.whl", hash = "sha256:98c1b5a6a6c431ac7f76aa4285b752fe14a1c626bd8a1dfa56f66173ff120bee", size = 524891, upload-time = "2022-09-09T23:05:18.111Z" },
]

[[package]]
name = "colorzero"
version = "2.0"
source = { registry = "https://pypi.org/simple" }
dependencies = [
    { name = "setuptools" },
]
sdist = { url = "https://files.pythonhosted.org/packages/b3/ca/688824a06e8c4d04c7d2fd2af2d8da27bed51af20ee5f094154e1d680334/colorzero-2.0.tar.gz", hash = "sha256:e7d5a5c26cd0dc37b164ebefc609f388de24f8593b659191e12d85f8f9d5eb58", size = 25382, upload-time = "2021-03-15T23:42:23.261Z" }
wheels = [
    { url = "https://files.pythonhosted.org/packages/7e/a6/ddd0f130e44a7593ac6c55aa93f6e256d2270fd88e9d1b64ab7f22ab8fde/colorzero-2.0-py2.py3-none-any.whl", hash = "sha256:0e60d743a6b8071498a56465f7719c96a5e92928f858bab1be2a0d606c9aa0f8", size = 26573, upload-time = "2021-03-15T23:42:21.757Z" },
]

[[package]]
name = "dbus-fast"
version = "2.46.4"
source = { registry = "https://pypi.org/simple" }
sdist = { url = "https://files.pythonhosted.org/packages/11/d1/57018d5658244b1207827cb40a9d129bce16139fbc7255e76b025875f874/dbus_fast-2.46.4.tar.gz", hash = "sha256:7c1f0c6fbb04d51c87fd05f54e4538176a66bb35a8cfdca642904491dfd35e00", size = 72754, upload-time = "2025-11-16T18:50:16.03Z" }
wheels = [
    { url = "https://files.pythonhosted.org/packages/84/3d/f6c84cfcd6899de3c43dfc5313be83d34e61e72574778d17e2731683d564/dbus_fast-2.46.4-cp311-cp311-manylinux2014_aarch64.manylinux_2_17_aarch64.manylinux_2_28_aarch64.whl", hash = "sha256:8b3abb2c8d63d6c09839dc504c0f62b179534d0f7d188081ad6e2740645a9759", size = 803670, upload-time = "2025-11-16T18:58:35.988Z" },
    { url = "https://files.pythonhosted.org/packages/dc/83/011f0f7854cfeea7252c6d42c9e6452d21ec15d400547b51b548e358bf64/dbus_fast-2.46.4-cp311-cp311-manylinux2014_x86_64.manylinux_2_17_x86_64.manylinux_2_28_x86_64.whl", hash = "sha256:e4ed44270795b6e15cbe7fa2022705ed0c7d8053d92eb7d556300e1b734536d8", size = 848325, upload-time = "2025-11-16T18:58:37.504Z" },
    { url = "https://files.pythonhosted.org/packages/f3/8d/c07e5ab356f9686f712bcc33c69426032f150d1956a278c51a9b22ddd2fa/dbus_fast-2.46.4-cp311-cp311-musllinux_1_2_aarch64.whl", hash = "sha256:3106e78bfd9c675ac4ca2e73b638018375f87460efee10480e3d82ec5a5cfdc7", size = 809132, upload-time = "2025-11-16T18:58:39.207Z" },
    { url = "https://files.pythonhosted.org/packages/04/c7/5f22e898c25f4d3d4877b119f51e0effcff8b25bd0434ca3da69f1236c6a/dbus_fast-2.46.4-cp311-cp311-musllinux_1_2_x86_64.whl", hash = "sha256:c6f638bbcde35fb207c07b347d22e73fe729f6fcf834958d8c9ad8586813dbda", size = 854552, upload-time = "2025-11-16T18:58:40.647Z" },
]

[[package]]
name = "gpiozero"
version = "2.0.1.post3"
source = { registry = "https://pypi.org/simple" }
dependencies = [
    { name = "colorzero" },
]
sdist = { url = "https://files.pythonhosted.org/packages/67/63/864a3c36842cf7b05808aadf906763a024a1b13f2a4c8144e3163de91255/gpiozero-2.0.1.post3.tar.gz", hash = "sha256:745feab6df463ac2e9de10c67e2dd9f396e668ba4e281e92381d6c460100a8f7", size = 168403, upload-time = "2026-07-27T10:03:32.628Z" }
wheels = [
    { url = "https://files.pythonhosted.org/packages/45/cb/ec5917b454b2e82874769a348dc74cfcec5b447bf1061c827edea9702451/gpiozero-2.0.1.post3-py3-none-any.whl", hash = "sha256:d491734803a9bc6036602e6b8bbd73fb25c33da88de0fcd11a40e890b8bc2d3b", size = 151465, upload-time = "2026-07-27T10:03:31.195Z" },
]

[[package]]
name = "numpy"
version = "2.4.6"
source = { registry = "https://pypi.org/simple" }
sdist = { url = "https://files.pythonhosted.org/packages/d0/ad/fed0499ce6a338d2a03ebae59cd15093910c8875328855781952abf6c2fe/numpy-2.4.6.tar.gz", hash = "sha256:f3a3570c4a2a16746ac2c31a7c7c7b0c186b95ce902e33db6f28094ed7387dda", size = 20735807, upload-time = "2026-05-18T23:37:14.07Z" }
wheels = [
    { url = "https://files.pythonhosted.org/packages/b3/49/ec46835a70be8fa6446c495126ac84fdb28cb2558e1620ffb87a10c8b64c/numpy-2.4.6-cp311-cp311-macosx_10_9_x86_64.whl", hash = "sha256:0280e0356c0829a18d9de1cb7eee50ec22ca639878d7240307ca0943d73cd2c4", size = 16969194, upload-time = "2026-05-18T23:33:13.503Z" },
    { url = "https://files.pythonhosted.org/packages/0e/0d/f5957185c0ee2f3e12f78715aa9e3b353fd83633316c8532b38faa37e3f6/numpy-2.4.6-cp311-cp311-macosx_11_0_arm64.whl", hash = "sha256:110f8b71aacb688ec69062bb7f6938a0f8acb01b7c1c4beb453c65b6d234584d", size = 14964111, upload-time = "2026-05-18T23:33:17.795Z" },
    { url = "https://files.pythonhosted.org/packages/ad/40/40a40ee0ddf7ceb782c49af278894b686e586d65d8c1889c8b5da01a3d7d/numpy-2.4.6-cp311-cp311-macosx_14_0_arm64.whl", hash = "sha256:4cfe66903cc32a9921a6733d96b19bb6abf310397581bbad89c228f5abaf0ee8", size = 5469159, upload-time = "2026-05-18T23:33:20.654Z" },
    { url = "https://files.pythonhosted.org/packages/63/13/f9a8046535cb21deae82f8d03de9617e08882d274fad2539630761888228/numpy-2.4.6-cp311-cp311-macosx_14_0_x86_64.whl", hash = "sha256:8155154c7c691289fe18f510b5d4657c68c67989f293f0535a91360392ff6538", size = 6798936, upload-time = "2026-05-18T23:33:22.987Z" },
    { url = "https://files.pythonhosted.org/packages/33/a8/6fa8c1a345a8c85dbb21932c447bee07c30a2c2a3f31e369c0a84b300147/numpy-2.4.6-cp311-cp311-manylinux_2_27_aarch64.manylinux_2_28_aarch64.whl", hash = "sha256:0ab0a9c4ffb1a6d95ef519fe4247dba8eb6b18ad93999f76b7f657039acabd47", size = 15966692, upload-time = "2026-05-18T23:33:26.62Z" },
    { url = "https://files.pythonhosted.org/packages/02/03/74fe2a4cb3817d94d86402f2506554130a2f01414e299b5a843e5a8a957f/numpy-2.4.6-cp311-cp311-manylinux_2_27_x86_64.manylinux_2_28_x86_64.whl", hash = "sha256:89cd468399cfd2504718f0ba50e410dca55a170b61a02ad92bb18c8a65186e93", size = 16918164, upload-time = "2026-05-18T23:33:29.955Z" },
    { url = "https://files.pythonhosted.org/packages/c5/80/3615be3313f7e7696609bc194b9f0101da809df79e859bdb84e0cd043f46/numpy-2.4.6-cp311-cp311-musllinux_1_2_aarch64.whl", hash = "sha256:c2d37ab77531417474168eb79d6d80b14f821a966818505d03013d0833edb7a8", size = 17322877, upload-time = "2026-05-18T23:33:34.724Z" },
    { url = "https://files.pythonhosted.org/packages/ca/ac/a691e0fe2675e370d0e08ff905adc49a1c8830e8cae03efe4477e92cd55d/numpy-2.4.6-cp311-cp311-musllinux_1_2_x86_64.whl", hash = "sha256:f407cb6b8e9d6d8c626bc73c945db1706035af8fd632295547bf1c9e46d092d6", size = 18651487, upload-time = "2026-05-18T23:33:38.217Z" },
    { url = "https://files.pythonhosted.org/packages/15/a7/9bc1cd626d7bf6869bfedf27b91b6ab5dd607758bf8e959d6fa80c6a59cb/numpy-2.4.6-cp311-cp311-win32.whl", hash = "sha256:ddea102b48f9e339f3948bf22040944184627a30fdf7f858667673b9c5f033c8", size = 6233945, upload-time = "2026-05-18T23:33:41.331Z" },
    { url = "https://files.pythonhosted.org/packages/c5/31/7fc6239c12bce7e931463251cca4426c465e1876ba3cc785402ef4dd8f4e/numpy-2.4.6-cp311-cp311-win_amd64.whl", hash = "sha256:1e254a00cdf42b1e4d5b3d68d33af63268d41340d8885df2ab6470f2e1500147", size = 12608406, upload-time = "2026-05-18T23:33:44.131Z" },
    { url = "https://files.pythonhosted.org/packages/27/83/140f85a466595a16382996a1bf06b2b54bcd597488921b0c9daaeeda72af/numpy-2.4.6-cp311-cp311-win_arm64.whl", hash = "sha256:ed9749eef4cbd126da3dc1d6bcb3a57f5eb7ac6a6484146bdbf743f552dfc577", size = 10479528, upload-time = "2026-05-18T23:33:50.725Z" },
    { url = "https://files.pythonhosted.org/packages/de/12/b422cc84439adc0d00de605bf4a308890ae5c26f2c71fbd73e5d08fbb0dd/numpy-2.4.6-pp311-pypy311_pp73-macosx_10_15_x86_64.whl", hash = "sha256:55cced7c52e981362f708ad635198e97a752dfba412cc03c23bbf3bd8d5cd662", size = 16847511, upload-time = "2026-05-18T23:36:50.673Z" },
    { url = "https://files.pythonhosted.org/packages/44/53/f481bef68011740f8849418d82db07230e825013f31f4eef5ba5b805316a/numpy-2.4.6-pp311-pypy311_pp73-macosx_11_0_arm64.whl", hash = "sha256:d6da64deb6b8ed903e7560180a92f2d804ee1ba5eeb849ac2748b8c1aba1f6d7", size = 14889064, upload-time = "2026-05-18T23:36:53.879Z" },
    { url = "https://files.pythonhosted.org/packages/7f/57/42ed575c10ced8af951d426bc4e1f8aff16fd851db33f067036215a7f860/numpy-2.4.6-pp311-pypy311_pp73-macosx_14_0_arm64.whl", hash = "sha256:68a5124b13fa6cc2086764a20005d30bc0548146f7f5322f02fce212ca14317f", size = 5394157, upload-time = "2026-05-18T23:36:57.194Z" },
    { url = "https://files.pythonhosted.org/packages/6a/ef/f66cc724fcc36c1e364c67f51ae9146090b8b584f27d58b97fdae3edd737/numpy-2.4.6-pp311-pypy311_pp73-macosx_14_0_x86_64.whl", hash = "sha256:948424b06129ce883307e8cff868c31396d8dc7630a59c61d70d98dbe70f222c", size = 6708728, upload-time = "2026-05-18T23:36:59.575Z" },
    { url = "https://files.pythonhosted.org/packages/1a/9c/c531f2293b91265d8b48e9b329f54fdd7ffae73cb4134ea10cca4237e9cc/numpy-2.4.6-pp311-pypy311_pp73-manylinux_2_27_aarch64.manylinux_2_28_aarch64.whl", hash = "sha256:5dbbdb29840ca3d91ee0fece42fc29278886d908280bfec0a5846c6f901a3eb0", size = 15798374, upload-time = "2026-05-18T23:37:02.674Z" },
    { url = "https://files.pythonhosted.org/packages/1a/b0/413077f6b1153ed3cba361401c6783bbad6114804a000cc22eb71c13e190/numpy-2.4.6-pp311-pypy311_pp73-manylinux_2_27_x86_64.manylinux_2_28_x86_64.whl", hash = "sha256:8ad03c0965fb3c692200e74d458ca28c1dbb4ce96f9a479a8aa041ad5fabca02", size = 16747286, upload-time = "2026-05-18T23:37:06.327Z" },
    { url = "https://files.pythonhosted.org/packages/15/ce/e5ec180bc41812edcd8daeb8639d205622c0e8c02259d8ab25a0201b3c2a/numpy-2.4.6-pp311-pypy311_pp73-win_amd64.whl", hash = "sha256:2803abfebfc990042cd494d8ce2d5f82e9d847af6d35ec486923aa19dbad5e73", size = 12504263, upload-time = "2026-05-18T23:37:09.715Z" },
]

[[package]]
name = "pygame-ce"
version = "2.5.8"
source = { registry = "https://pypi.org/simple" }
sdist = { url = "https://files.pythonhosted.org/packages/26/2d/0f942ec31d558a6a1f2fd0df9965ff0055f165ed5b8d36f6509b1f3768a2/pygame_ce-2.5.8.tar.gz", hash = "sha256:3c8e69088ead310037972c391306ea58e74d7296b35d1890067749235fd554ba", size = 5300831, upload-time = "2026-08-09T11:39:49.226Z" }
wheels = [
    { url = "https://files.pythonhosted.org/packages/97/9b/884fb7367951e74e7f77061bb08e893272794c07b1212dc61ba258c3c71e/pygame_ce-2.5.8-cp311-cp311-macosx_10_11_universal2.whl", hash = "sha256:9e98223c8874177c8441923a8f60da76b1de9d7f2450602a4c7ef24c15e84f1a", size = 16588698, upload-time = "2026-08-09T11:38:07.009Z" },
    { url = "https://files.pythonhosted.org/packages/6f/7d/b3f3a58cd09e97dbbedde419bedb7ead1f7e4d3cd6465b00bdf56766ded9/pygame_ce-2.5.8-cp311-cp311-manylinux2014_aarch64.manylinux_2_17_aarch64.whl", hash = "sha256:a7b2a54548926eaf535ac574cfa6528f96bd1e2f524a20fea514b2922dd68bcc", size = 12060566, upload-time = "2026-08-09T11:38:09.516Z" },
    { url = "https://files.pythonhosted.org/packages/ca/8b/7ba5dbf40ff461984327539a6895ada8ab2eac4c035238f97a0fd9da9866/pygame_ce-2.5.8-cp311-cp311-manylinux2014_i686.manylinux_2_17_i686.whl", hash = "sha256:ff283d1bee65e208cf2f0da7f2f4e3d0993d1787938898de2872fbefab1f786b", size = 12599420, upload-time = "2026-08-09T11:38:12.101Z" },
    { url = "https://files.pythonhosted.org/packages/05/02/c315738725cd08d2ff4cc8f8dd29638e69e70f200d3610bcd291cbb886b8/pygame_ce-2.5.8-cp311-cp311-manylinux2014_x86_64.manylinux_2_17_x86_64.whl", hash = "sha256:33e1b5a78cd6d25c2c8f00c09cdc0ba8000eec81b53dc7d8d7323d8319691d69", size = 12155284, upload-time = "2026-08-09T11:38:14.456Z" },
    { url = "https://files.pythonhosted.org/packages/17/3d/b9d57ebab57fdef946626ae275b111c077b83fe0d0ccc3a2ec12b17523d2/pygame_ce-2.5.8-cp311-cp311-win32.whl", hash = "sha256:b919b49b8a41564f7d0ad43f6dc97a66f29d3956fb592581f4abd62442644c9c", size = 9122893, upload-time = "2026-08-09T11:38:16.789Z" },
    { url = "https://files.pythonhosted.org/packages/e7/68/54cbebea295bbd9598604e3b4c3ef2aff75df1612482c2d102963151096c/pygame_ce-2.5.8-cp311-cp311-win_amd64.whl", hash = "sha256:0f75f6cf17607e380687aa5551c46aa830c8037b2950c71e48be8891ddc737da", size = 9666898, upload-time = "2026-08-09T11:38:19.213Z" },
    { url = "https://files.pythonhosted.org/packages/b7/8a/79129cc0c755d639d180a582869e4c7a0d5106dbf611262bcf5d554ce59d/pygame_ce-2.5.8-cp311-cp311-win_arm64.whl", hash = "sha256:8e7931bd6b8ffc1474e7b3d5717e18bf8ff3eed95ab9042f1b9a0907e9ff6519", size = 10212252, upload-time = "2026-08-09T11:38:21.537Z" },
    { url = "https://files.pythonhosted.org/packages/9f/b8/525dfcfda50ea9e98cd4097d6d0beabcfa0a6007475c04dab2021077c6de/pygame_ce-2.5.8-pp311-pypy311_pp73-macosx_10_15_universal2.whl", hash = "sha256:0aa908c9fce4d508205e0b9cdc0f7338066da63322f6bcaa9a9c8aff9155a87e", size = 16485912, upload-time = "2026-08-09T11:39:37.277Z" },
    { url = "https://files.pythonhosted.org/packages/bc/33/d02386a4314be22bc6198d93c2d99f372c0c8c7b71fc9c390cf36d5c5c99/pygame_ce-2.5.8-pp311-pypy311_pp73-manylinux2014_aarch64.manylinux_2_17_aarch64.whl", hash = "sha256:894faf17699ea7f14eabd9161ef532c1d248e40f568dab9240fc68b4c1ea85dc", size = 12008829, upload-time = "2026-08-09T11:39:39.717Z" },
    { url = "https://files.pythonhosted.org/packages/f5/26/a14abbac97c681385dbb01d5c44c867992dbf2265a784af35141c485813e/pygame_ce-2.5.8-pp311-pypy311_pp73-manylinux2014_i686.manylinux_2_17_i686.whl", hash = "sha256:0d0c4b2b38e1946ea7a7c625ea317e237573e8731e4a56055eb4361b3c2daa0f", size = 12538786, upload-time = "2026-08-09T11:39:42.37Z" },
    { url = "https://files.pythonhosted.org/packages/28/6c/2a8d9ca41d40e2d30e940107a019bbc17de518948c360789f59a439d689a/pygame_ce-2.5.8-pp311-pypy311_pp73-manylinux2014_x86_64.manylinux_2_17_x86_64.whl", hash = "sha256:9ea02f653f76d496870766e1fb8419b6a6aebd81d40265057672f1f6d63d3509", size = 12102335, upload-time = "2026-08-09T11:39:44.64Z" },
    { url = "https://files.pythonhosted.org/packages/47/b5/1068d4d24891b17fcb6cf3556b1de8d5821a2bc44ebbea2b25dbd767ae2b/pygame_ce-2.5.8-pp311-pypy311_pp73-win_amd64.whl", hash = "sha256:f2f2f1c03dc8d4460779f9e55f959a7c7e523101b3530f60f3208e5ca65a6216", size = 9635346, upload-time = "2026-08-09T11:39:46.968Z" },
]

[[package]]
name = "pyobjc-core"
version = "10.3.2"
source = { registry = "https://pypi.org/simple" }
sdist = { url = "https://files.pythonhosted.org/packages/5d/07/2b3d63c0349fe4cf34d787a52a22faa156225808db2d1531fe58fabd779d/pyobjc_core-10.3.2.tar.gz", hash = "sha256:dbf1475d864ce594288ce03e94e3a98dc7f0e4639971eb1e312bdf6661c21e0e", size = 935182, upload-time = "2024-11-30T15:24:44.294Z" }
wheels = [
    { url = "https://files.pythonhosted.org/packages/8e/11/f28af2cb4446743c8515f40f8dfac1bc078566c4a5cd7dcc6d24219ff3c9/pyobjc_core-10.3.2-cp311-cp311-macosx_10_9_universal2.whl", hash = "sha256:cea5e77659619ad93c782ca07644b6efe7d7ec6f59e46128843a0a87c1af511a", size = 775537, upload-time = "2024-11-30T12:50:10.636Z" },
]

[[package]]
name = "pyobjc-framework-cocoa"
version = "10.3.2"
source = { registry = "https://pypi.org/simple" }
dependencies = [
    { name = "pyobjc-core" },
]
sdist = { url = "https://files.pythonhosted.org/packages/39/41/4f09a5e9a6769b4dafb293ea597ed693cc0def0e07867ad0a42664f530b6/pyobjc_framework_cocoa-10.3.2.tar.gz", hash = "sha256:673968e5435845bef969bfe374f31a1a6dc660c98608d2b84d5cae6eafa5c39d", size = 4942530, upload-time = "2024-11-30T15:30:27.244Z" }
wheels = [
    { url = "https://files.pythonhosted.org/packages/94/52/a41bf62d1467d74e61a729a1e36e064abb47f124a5e484643f021388873f/pyobjc_framework_Cocoa-10.3.2-cp311-cp311-macosx_10_9_universal2.whl", hash = "sha256:7caaf8b260e81b27b7b787332846f644b9423bfc1536f6ec24edbde59ab77a87", size = 381529, upload-time = "2024-11-30T13:18:06.791Z" },
]

[[package]]
name = "pyobjc-framework-corebluetooth"
version = "10.3.2"
source = { registry = "https://pypi.org/simple" }
dependencies = [
    { name = "pyobjc-core" },
    { name = "pyobjc-framework-cocoa" },
]
sdist = { url = "https://files.pythonhosted.org/packages/13/ca/35d205c3e153e7bc59a417560a45e27a2410439e6f78390f97c1a996c922/pyobjc_framework_corebluetooth-10.3.2.tar.gz", hash = "sha256:c0a077bc3a2466271efa382c1e024630bc43cc6f9ab8f3f97431ad08b1ad52bb", size = 50622, upload-time = "2024-11-30T15:32:18.741Z" }
wheels = [
    { url = "https://files.pythonhosted.org/packages/f7/b0/9006d9d6cc5780fc190629ff42d8825fe7737dbe2077fbaae38813f0242e/pyobjc_framework_CoreBluetooth-10.3.2-cp36-abi3-macosx_10_13_universal2.whl", hash = "sha256:973b78f47c7e2209a475e60bcc7d1b4a87be6645d39b4e8290ee82640e1cc364", size = 13891, upload-time = "2024-11-30T13:26:57.745Z" },
    { url = "https://files.pythonhosted.org/packages/02/dd/b415258a86495c23962005bab11604562828dd183a009d04a82bc1f3a816/pyobjc_framework_CoreBluetooth-10.3.2-cp36-abi3-macosx_10_9_universal2.whl", hash = "sha256:4bafdf1be15eae48a4878dbbf1bf19877ce28cbbba5baa0267a9564719ee736e", size = 13843, upload-time = "2024-11-30T13:26:59.305Z" },
    { url = "https://files.pythonhosted.org/packages/c4/7d/d8a340f3ca0862969a02c6fe053902388e45966040b41d7e023b9dcf97c8/pyobjc_framework_CoreBluetooth-10.3.2-cp36-abi3-macosx_10_9_x86_64.whl", hash = "sha256:4d7dc7494de66c850bda7b173579df7481dc97046fa229d480fe9bf90b2b9651", size = 10082, upload-time = "2024-11-30T13:27:00.785Z" },
    { url = "https://files.pythonhosted.org/packages/e9/10/d9554ce442269a3c25d9bed9d8a5ffdc1fb5ab71b74bc52749a5f26a96c7/pyobjc_framework_CoreBluetooth-10.3.2-cp36-abi3-macosx_11_0_universal2.whl", hash = "sha256:62e09e730f4d98384f1b6d44718812195602b3c82d5c78e09f60e8a934e7b266", size = 13815, upload-time = "2024-11-30T13:27:01.628Z" },
]

[[package]]
name = "pyobjc-framework-libdispatch"
version = "10.3.2"
source = { registry = "https://pypi.org/simple" }
dependencies = [
    { name = "pyobjc-core" },
    { name = "pyobjc-framework-cocoa" },
]
sdist = { url = "https://files.pythonhosted.org/packages/4d/12/a908f3f94952c8c9e3d6e6bd425613a79692e7d400557ede047992439edc/pyobjc_framework_libdispatch-10.3.2.tar.gz", hash = "sha256:e9f4311fbf8df602852557a98d2a64f37a9d363acf4d75634120251bbc7b7304", size = 45132, upload-time = "2024-11-30T17:09:47.135Z" }
wheels = [
    { url = "https://files.pythonhosted.org/packages/9f/d9/901df936da47707045924eb231adf374e8ff7553202474df7cfb43d4e1e5/pyobjc_framework_libdispatch-10.3.2-cp311-cp311-macosx_10_9_universal2.whl", hash = "sha256:061f6aa0f88d11d993e6546ec734303cb8979f40ae0f5cd23541236a6b426abd", size = 20201, upload-time = "2024-11-30T15:21:59.591Z" },
]

[[package]]
name = "setuptools"
version = "84.0.0"
source = { registry = "https://pypi.org/simple" }
sdist = { url = "https://files.pythonhosted.org/packages/6d/44/f5da03a8ef95d369145c5bb53050e7877c9f3d312e128605fd9504829143/setuptools-84.0.0.tar.gz", hash = "sha256:f4695c21257f0d9b537ec2692c941d02ee143b7cc1276941349a546573b2ef73", size = 1168449, upload-time = "2026-08-08T18:27:58.365Z" }
wheels = [
    { url = "https://files.pythonhosted.org/packages/95/9c/c510029fc6ef33a6275cd2c5d3cecd6613dfd6aa401d57c54f1c18852ccf/setuptools-84.0.0-py3-none-any.whl", hash = "sha256:51a52592b3b99e102b609654876bd65f19f999935166d1352678931132b0c670", size = 818216, upload-time = "2026-08-08T18:27:56.719Z" },
]

[[package]]
name = "spherov2"
version = "0.12.1"
source = { registry = "https://pypi.org/simple" }
dependencies = [
    { name = "numpy" },
    { name = "transforms3d" },
]
sdist = { url = "https://files.pythonhosted.org/packages/ea/11/a7e868c08e6b3a4a359b90007b96c197b203dff981fe5f8b7f700856e1aa/spherov2-0.12.1.tar.gz", hash = "sha256:087929a28164af78c8a258396593a51d45fc89af23e86c524d86d0a5d094908f", size = 55956, upload-time = "2024-01-29T01:51:31.675Z" }
wheels = [
    { url = "https://files.pythonhosted.org/packages/b9/30/09e57c153964c16ebaa26f8899610c9b4e43afb9bc8d67a405f8009fc95f/spherov2-0.12.1-py3-none-any.whl", hash = "sha256:f182796b6b73225a1e6968c38243c56945ef6a5e953224e604aa8d1a83adb0fd", size = 71086, upload-time = "2024-01-29T01:51:30.403Z" },
]

[[package]]
name = "spidev"
version = "3.8"
source = { registry = "https://pypi.org/simple" }
sdist = { url = "https://files.pythonhosted.org/packages/67/87/039b6eeea781598015b538691bc174cc0bf77df9d4d2d3b8bf9245c0de8c/spidev-3.8.tar.gz", hash = "sha256:2bc02fb8c6312d519ebf1f4331067427c0921d3f77b8bcaf05189a2e8b8382c0", size = 13893, upload-time = "2025-09-15T18:56:20.672Z" }

[[package]]
name = "transforms3d"
version = "0.4.2"
source = { registry = "https://pypi.org/simple" }
dependencies = [
    { name = "numpy" },
]
sdist = { url = "https://files.pythonhosted.org/packages/d5/1e/626c2d87c29a35fadc8de5624f4302e1ee56cff380d282d62cb3780e6620/transforms3d-0.4.2.tar.gz", hash = "sha256:e8b5df30eaedbee556e81c6938e55aab5365894e47d0a17615d7db7fd2393680", size = 1368797, upload-time = "2024-06-17T11:43:33.231Z" }
wheels = [
    { url = "https://files.pythonhosted.org/packages/61/7a/f38385f1b2d5f54221baf1db3d6371dc6eef8041d95abff39576c694e9d9/transforms3d-0.4.2-py3-none-any.whl", hash = "sha256:1c70399d9e9473ecc23311fd947f727f7c69ed0b063244828c383aa1aefa5941", size = 1376759, upload-time = "2024-06-20T11:09:19.43Z" },
]

[[package]]
name = "typing-extensions"
version = "4.16.0"
source = { registry = "https://pypi.org/simple" }
sdist = { url = "https://files.pythonhosted.org/packages/f6/cc/6253133b5bb138fc3306cebfbda2c520f545d36b5be2c7255cc528bb45d6/typing_extensions-4.16.0.tar.gz", hash = "sha256:dc983d19a509c94dba722ee6abd33940f7c05a89e243c47e907eb4db6f1a43e5", size = 113555, upload-time = "2026-07-02T08:40:05.92Z" }
wheels = [
    { url = "https://files.pythonhosted.org/packages/49/d3/b8441a820a491ddfc024b0b0cf0393375b75ea13866d9c66727e54c2fc80/typing_extensions-4.16.0-py3-none-any.whl", hash = "sha256:481caa481374e813c1b176ada14e97f1f67a4539ce9cfeb3f350d78d6370c2e8", size = 45571, upload-time = "2026-07-02T08:40:04.659Z" },
]
